// !$*UTF8*$!
{
	archiveVersion = 1;
	classes = {
	};
	objectVersion = 77;
	objects = {

/* Begin PBXContainerItemProxy section */
		8FEAA4292CE8C01F00D6F7EA /* PBXContainerItemProxy */ = {
			isa = PBXContainerItemProxy;
			containerPortal = 8FEAA40E2CE8C01D00D6F7EA /* Project object */;
			proxyType = 1;
			remoteGlobalIDString = 8FEAA4152CE8C01D00D6F7EA;
			remoteInfo = ReMind;
		};
		8FEAA4332CE8C01F00D6F7EA /* PBXContainerItemProxy */ = {
			isa = PBXContainerItemProxy;
			containerPortal = 8FEAA40E2CE8C01D00D6F7EA /* Project object */;
			proxyType = 1;
			remoteGlobalIDString = 8FEAA4152CE8C01D00D6F7EA;
			remoteInfo = ReMind;
		};
/* End PBXContainerItemProxy section */

/* Begin PBXFileReference section */
		8FEAA4162CE8C01D00D6F7EA /* ReMind.app */ = {isa = PBXFileReference; explicitFileType = wrapper.application; includeInIndex = 0; path = ReMind.app; sourceTree = BUILT_PRODUCTS_DIR; };
		8FEAA4282CE8C01F00D6F7EA /* ReMindTests.xctest */ = {isa = PBXFileReference; explicitFileType = wrapper.cfbundle; includeInIndex = 0; path = ReMindTests.xctest; sourceTree = BUILT_PRODUCTS_DIR; };
		8FEAA4322CE8C01F00D6F7EA /* ReMindUITests.xctest */ = {isa = PBXFileReference; explicitFileType = wrapper.cfbundle; includeInIndex = 0; path = ReMindUITests.xctest; sourceTree = BUILT_PRODUCTS_DIR; };
/* End PBXFileReference section */

/* Begin PBXFileSystemSynchronizedRootGroup section */
		8FEAA4182CE8C01D00D6F7EA /* ReMind */ = {
			isa = PBXFileSystemSynchronizedRootGroup;
			path = ReMind;
			sourceTree = "<group>";
		};
		8FEAA42B2CE8C01F00D6F7EA /* ReMindTests */ = {
			isa = PBXFileSystemSynchronizedRootGroup;
			path = ReMindTests;
			sourceTree = "<group>";
		};
		8FEAA4352CE8C01F00D6F7EA /* ReMindUITests */ = {
			isa = PBXFileSystemSynchronizedRootGroup;
			path = ReMindUITests;
			sourceTree = "<group>";
		};
/* End PBXFileSystemSynchronizedRootGroup section */

/* Begin PBXFrameworksBuildPhase section */
		8FEAA4132CE8C01D00D6F7EA /* Frameworks */ = {
			isa = PBXFrameworksBuildPhase;
			buildActionMask = 2147483647;
			files = (
			);
			runOnlyForDeploymentPostprocessing = 0;
		};
		8FEAA4252CE8C01F00D6F7EA /* Frameworks */ = {
			isa = PBXFrameworksBuildPhase;
			buildActionMask = 2147483647;
			files = (
			);
			runOnlyForDeploymentPostprocessing = 0;
		};
		8FEAA42F2CE8C01F00D6F7EA /* Frameworks */ = {
			isa = PBXFrameworksBuildPhase;
			buildActionMask = 2147483647;
			files = (
			);
			runOnlyForDeploymentPostprocessing = 0;
		};
/* End PBXFrameworksBuildPhase section */

/* Begin PBXGroup section */
		8FEAA40D2CE8C01D00D6F7EA = {
			isa = PBXGroup;
			children = (
				8FEAA4172CE8C01D00D6F7EA /* Products */,
				8FEAA4182CE8C01D00D6F7EA /* ReMind */,
				8FEAA42B2CE8C01F00D6F7EA /* ReMindTests */,
				8FEAA4352CE8C01F00D6F7EA /* ReMindUITests */,
			);
			sourceTree = "<group>";
		};
		8FEAA4172CE8C01D00D6F7EA /* Products */ = {
			isa = PBXGroup;
			children = (
				8FEAA4162CE8C01D00D6F7EA /* ReMind.app */,
				8FEAA4282CE8C01F00D6F7EA /* ReMindTests.xctest */,
				8FEAA4322CE8C01F00D6F7EA /* ReMindUITests.xctest */,
			);
			name = Products;
			sourceTree = "<group>";
		};
/* End PBXGroup section */

/* Begin PBXNativeTarget section */
		8FEAA4152CE8C01D00D6F7EA /* ReMind */ = {
			isa = PBXNativeTarget;
			buildConfigurationList = 8FEAA43C2CE8C01F00D6F7EA /* Build configuration list for PBXNativeTarget "ReMind" */;
			buildPhases = (
				8FEAA4122CE8C01D00D6F7EA /* Sources */,
				8FEAA4132CE8C01D00D6F7EA /* Frameworks */,
				8FEAA4142CE8C01D00D6F7EA /* Resources */,
			);
			buildRules = (
			);
			dependencies = (
			);
			fileSystemSynchronizedGroups = (
				8FEAA4182CE8C01D00D6F7EA /* ReMind */,
			);
			name = ReMind;
			packageProductDependencies = (
			);
			productName = ReMind;
			productReference = 8FEAA4162CE8C01D00D6F7EA /* ReMind.app */;
			productType = "com.apple.product-type.application";
		};
		8FEAA4272CE8C01F00D6F7EA /* ReMindTests */ = {
			isa = PBXNativeTarget;
			buildConfigurationList = 8FEAA43F2CE8C01F00D6F7EA /* Build configuration list for PBXNativeTarget "ReMindTests" */;
			buildPhases = (
				8FEAA4242CE8C01F00D6F7EA /* Sources */,
				8FEAA4252CE8C01F00D6F7EA /* Frameworks */,
				8FEAA4262CE8C01F00D6F7EA /* Resources */,
			);
			buildRules = (
			);
			dependencies = (
				8FEAA42A2CE8C01F00D6F7EA /* PBXTargetDependency */,
			);
			fileSystemSynchronizedGroups = (
				8FEAA42B2CE8C01F00D6F7EA /* ReMindTests */,
			);
			name = ReMindTests;
			packageProductDependencies = (
			);
			productName = ReMindTests;
			productReference = 8FEAA4282CE8C01F00D6F7EA /* ReMindTests.xctest */;
			productType = "com.apple.product-type.bundle.unit-test";
		};
		8FEAA4312CE8C01F00D6F7EA /* ReMindUITests */ = {
			isa = PBXNativeTarget;
			buildConfigurationList = 8FEAA4422CE8C01F00D6F7EA /* Build configuration list for PBXNativeTarget "ReMindUITests" */;
			buildPhases = (
				8FEAA42E2CE8C01F00D6F7EA /* Sources */,
				8FEAA42F2CE8C01F00D6F7EA /* Frameworks */,
				8FEAA4302CE8C01F00D6F7EA /* Resources */,
			);
			buildRules = (
			);
			dependencies = (
				8FEAA4342CE8C01F00D6F7EA /* PBXTargetDependency */,
			);
			fileSystemSynchronizedGroups = (
				8FEAA4352CE8C01F00D6F7EA /* ReMindUITests */,
			);
			name = ReMindUITests;
			packageProductDependencies = (
			);
			productName = ReMindUITests;
			productReference = 8FEAA4322CE8C01F00D6F7EA /* ReMindUITests.xctest */;
			productType = "com.apple.product-type.bundle.ui-testing";
		};
/* End PBXNativeTarget section */

/* Begin PBXProject section */
		8FEAA40E2CE8C01D00D6F7EA /* Project object */ = {
			isa = PBXProject;
			attributes = {
				BuildIndependentTargetsInParallel = 1;
				LastSwiftUpdateCheck = 1610;
				LastUpgradeCheck = 1610;
				TargetAttributes = {
					8FEAA4152CE8C01D00D6F7EA = {
						CreatedOnToolsVersion = 16.1;
					};
					8FEAA4272CE8C01F00D6F7EA = {
						CreatedOnToolsVersion = 16.1;
						TestTargetID = 8FEAA4152CE8C01D00D6F7EA;
					};
					8FEAA4312CE8C01F00D6F7EA = {
						CreatedOnToolsVersion = 16.1;
						TestTargetID = 8FEAA4152CE8C01D00D6F7EA;
					};
				};
			};
			buildConfigurationList = 8FEAA4112CE8C01D00D6F7EA /* Build configuration list for PBXProject "ReMind" */;
			developmentRegion = en;
			hasScannedForEncodings = 0;
			knownRegions = (
				en,
				Base,
			);
			mainGroup = 8FEAA40D2CE8C01D00D6F7EA;
			minimizedProjectReferenceProxies = 1;
			preferredProjectObjectVersion = 77;
			productRefGroup = 8FEAA4172CE8C01D00D6F7EA /* Products */;
			projectDirPath = "";
			projectRoot = "";
			targets = (
				8FEAA4152CE8C01D00D6F7EA /* ReMind */,
				8FEAA4272CE8C01F00D6F7EA /* ReMindTests */,
				8FEAA4312CE8C01F00D6F7EA /* ReMindUITests */,
			);
		};
/* End PBXProject section */

/* Begin PBXResourcesBuildPhase section */
		8FEAA4142CE8C01D00D6F7EA /* Resources */ = {
			isa = PBXResourcesBuildPhase;
			buildActionMask = 2147483647;
			files = (
			);
			runOnlyForDeploymentPostprocessing = 0;
		};
		8FEAA4262CE8C01F00D6F7EA /* Resources */ = {
			isa = PBXResourcesBuildPhase;
			buildActionMask = 2147483647;
			files = (
			);
			runOnlyForDeploymentPostprocessing = 0;
		};
		8FEAA4302CE8C01F00D6F7EA /* Resources */ = {
			isa = PBXResourcesBuildPhase;
			buildActionMask = 2147483647;
			files = (
			);
			runOnlyForDeploymentPostprocessing = 0;
		};
/* End PBXResourcesBuildPhase section */

/* Begin PBXSourcesBuildPhase section */
		8FEAA4122CE8C01D00D6F7EA /* Sources */ = {
			isa = PBXSourcesBuildPhase;
			buildActionMask = 2147483647;
			files = (
			);
			runOnlyForDeploymentPostprocessing = 0;
		};
		8FEAA4242CE8C01F00D6F7EA /* Sources */ = {
			isa = PBXSourcesBuildPhase;
			buildActionMask = 2147483647;
			files = (
			);
			runOnlyForDeploymentPostprocessing = 0;
		};
		8FEAA42E2CE8C01F00D6F7EA /* Sources */ = {
			isa = PBXSourcesBuildPhase;
			buildActionMask = 2147483647;
			files = (
			);
			runOnlyForDeploymentPostprocessing = 0;
		};
/* End PBXSourcesBuildPhase section */

/* Begin PBXTargetDependency section */
		8FEAA42A2CE8C01F00D6F7EA /* PBXTargetDependency */ = {
			isa = PBXTargetDependency;
			target = 8FEAA4152CE8C01D00D6F7EA /* ReMind */;
			targetProxy = 8FEAA4292CE8C01F00D6F7EA /* PBXContainerItemProxy */;
		};
		8FEAA4342CE8C01F00D6F7EA /* PBXTargetDependency */ = {
			isa = PBXTargetDependency;
			target = 8FEAA4152CE8C01D00D6F7EA /* ReMind */;
			targetProxy = 8FEAA4332CE8C01F00D6F7EA /* PBXContainerItemProxy */;
		};
/* End PBXTargetDependency section */

/* Begin XCBuildConfiguration section */
		8FEAA43A2CE8C01F00D6F7EA /* Debug */ = {
			isa = XCBuildConfiguration;
			buildSettings = {
				ALWAYS_SEARCH_USER_PATHS = NO;
				ASSETCATALOG_COMPILER_GENERATE_SWIFT_ASSET_SYMBOL_EXTENSIONS = YES;
				CLANG_ANALYZER_NONNULL = YES;
				CLANG_ANALYZER_NUMBER_OBJECT_CONVERSION = YES_AGGRESSIVE;
				CLANG_CXX_LANGUAGE_STANDARD = "gnu++20";
				CLANG_ENABLE_MODULES = YES;
				CLANG_ENABLE_OBJC_ARC = YES;
				CLANG_ENABLE_OBJC_WEAK = YES;
				CLANG_WARN_BLOCK_CAPTURE_AUTORELEASING = YES;
				CLANG_WARN_BOOL_CONVERSION = YES;
				CLANG_WARN_COMMA = YES;
				CLANG_WARN_CONSTANT_CONVERSION = YES;
				CLANG_WARN_DEPRECATED_OBJC_IMPLEMENTATIONS = YES;
				CLANG_WARN_DIRECT_OBJC_ISA_USAGE = YES_ERROR;
				CLANG_WARN_DOCUMENTATION_COMMENTS = YES;
				CLANG_WARN_EMPTY_BODY = YES;
				CLANG_WARN_ENUM_CONVERSION = YES;
				CLANG_WARN_INFINITE_RECURSION = YES;
				CLANG_WARN_INT_CONVERSION = YES;
				CLANG_WARN_NON_LITERAL_NULL_CONVERSION = YES;
				CLANG_WARN_OBJC_IMPLICIT_RETAIN_SELF = YES;
				CLANG_WARN_OBJC_LITERAL_CONVERSION = YES;
				CLANG_WARN_OBJC_ROOT_CLASS = YES_ERROR;
				CLANG_WARN_QUOTED_INCLUDE_IN_FRAMEWORK_HEADER = YES;
				CLANG_WARN_RANGE_LOOP_ANALYSIS = YES;
				CLANG_WARN_STRICT_PROTOTYPES = YES;
				CLANG_WARN_SUSPICIOUS_MOVE = YES;
				CLANG_WARN_UNGUARDED_AVAILABILITY = YES_AGGRESSIVE;
				CLANG_WARN_UNREACHABLE_CODE = YES;
				CLANG_WARN__DUPLICATE_METHOD_MATCH = YES;
				COPY_PHASE_STRIP = NO;
				DEBUG_INFORMATION_FORMAT = dwarf;
				ENABLE_STRICT_OBJC_MSGSEND = YES;
				ENABLE_TESTABILITY = YES;
				ENABLE_USER_SCRIPT_SANDBOXING = YES;
				GCC_C_LANGUAGE_STANDARD = gnu17;
				GCC_DYNAMIC_NO_PIC = NO;
				GCC_NO_COMMON_BLOCKS = YES;
				GCC_OPTIMIZATION_LEVEL = 0;
				GCC_PREPROCESSOR_DEFINITIONS = (
					"DEBUG=1",
					"$(inherited)",
				);
				GCC_WARN_64_TO_32_BIT_CONVERSION = YES;
				GCC_WARN_ABOUT_RETURN_TYPE = YES_ERROR;
				GCC_WARN_UNDECLARED_SELECTOR = YES;
				GCC_WARN_UNINITIALIZED_AUTOS = YES_AGGRESSIVE;
				GCC_WARN_UNUSED_FUNCTION = YES;
				GCC_WARN_UNUSED_VARIABLE = YES;
				IPHONEOS_DEPLOYMENT_TARGET = 18.1;
				LOCALIZATION_PREFERS_STRING_CATALOGS = YES;
				MTL_ENABLE_DEBUG_INFO = INCLUDE_SOURCE;
				MTL_FAST_MATH = YES;
				ONLY_ACTIVE_ARCH = YES;
				SDKROOT = iphoneos;
				SWIFT_ACTIVE_COMPILATION_CONDITIONS = "DEBUG $(inherited)";
				SWIFT_OPTIMIZATION_LEVEL = "-Onone";
			};
			name = Debug;
		};
		8FEAA43B2CE8C01F00D6F7EA /* Release */ = {
			isa = XCBuildConfiguration;
			buildSettings = {
				ALWAYS_SEARCH_USER_PATHS = NO;
				ASSETCATALOG_COMPILER_GENERATE_SWIFT_ASSET_SYMBOL_EXTENSIONS = YES;
				CLANG_ANALYZER_NONNULL = YES;
				CLANG_ANALYZER_NUMBER_OBJECT_CONVERSION = YES_AGGRESSIVE;
				CLANG_CXX_LANGUAGE_STANDARD = "gnu++20";
				CLANG_ENABLE_MODULES = YES;
				CLANG_ENABLE_OBJC_ARC = YES;
				CLANG_ENABLE_OBJC_WEAK = YES;
				CLANG_WARN_BLOCK_CAPTURE_AUTORELEASING = YES;
				CLANG_WARN_BOOL_CONVERSION = YES;
				CLANG_WARN_COMMA = YES;
				CLANG_WARN_CONSTANT_CONVERSION = YES;
				CLANG_WARN_DEPRECATED_OBJC_IMPLEMENTATIONS = YES;
				CLANG_WARN_DIRECT_OBJC_ISA_USAGE = YES_ERROR;
				CLANG_WARN_DOCUMENTATION_COMMENTS = YES;
				CLANG_WARN_EMPTY_BODY = YES;
				CLANG_WARN_ENUM_CONVERSION = YES;
				CLANG_WARN_INFINITE_RECURSION = YES;
				CLANG_WARN_INT_CONVERSION = YES;
				CLANG_WARN_NON_LITERAL_NULL_CONVERSION = YES;
				CLANG_WARN_OBJC_IMPLICIT_RETAIN_SELF = YES;
				CLANG_WARN_OBJC_LITERAL_CONVERSION = YES;
				CLANG_WARN_OBJC_ROOT_CLASS = YES_ERROR;
				CLANG_WARN_QUOTED_INCLUDE_IN_FRAMEWORK_HEADER = YES;
				CLANG_WARN_RANGE_LOOP_ANALYSIS = YES;
				CLANG_WARN_STRICT_PROTOTYPES = YES;
				CLANG_WARN_SUSPICIOUS_MOVE = YES;
				CLANG_WARN_UNGUARDED_AVAILABILITY = YES_AGGRESSIVE;
				CLANG_WARN_UNREACHABLE_CODE = YES;
				CLANG_WARN__DUPLICATE_METHOD_MATCH = YES;
				COPY_PHASE_STRIP = NO;
				DEBUG_INFORMATION_FORMAT = "dwarf-with-dsym";
				ENABLE_NS_ASSERTIONS = NO;
				ENABLE_STRICT_OBJC_MSGSEND = YES;
				ENABLE_USER_SCRIPT_SANDBOXING = YES;
				GCC_C_LANGUAGE_STANDARD = gnu17;
				GCC_NO_COMMON_BLOCKS = YES;
				GCC_WARN_64_TO_32_BIT_CONVERSION = YES;
				GCC_WARN_ABOUT_RETURN_TYPE = YES_ERROR;
				GCC_WARN_UNDECLARED_SELECTOR = YES;
				GCC_WARN_UNINITIALIZED_AUTOS = YES_AGGRESSIVE;
				GCC_WARN_UNUSED_FUNCTION = YES;
				GCC_WARN_UNUSED_VARIABLE = YES;
				IPHONEOS_DEPLOYMENT_TARGET = 18.1;
				LOCALIZATION_PREFERS_STRING_CATALOGS = YES;
				MTL_ENABLE_DEBUG_INFO = NO;
				MTL_FAST_MATH = YES;
				SDKROOT = iphoneos;
				SWIFT_COMPILATION_MODE = wholemodule;
				VALIDATE_PRODUCT = YES;
			};
			name = Release;
		};
		8FEAA43D2CE8C01F00D6F7EA /* Debug */ = {
			isa = XCBuildConfiguration;
			buildSettings = {
				ASSETCATALOG_COMPILER_APPICON_NAME = AppIcon;
				ASSETCATALOG_COMPILER_GLOBAL_ACCENT_COLOR_NAME = AccentColor;
				CODE_SIGN_STYLE = Automatic;
				CURRENT_PROJECT_VERSION = 1;
				DEVELOPMENT_ASSET_PATHS = "\"ReMind/Preview Content\"";
				ENABLE_PREVIEWS = YES;
				GENERATE_INFOPLIST_FILE = YES;
				INFOPLIST_KEY_UIApplicationSceneManifest_Generation = YES;
				INFOPLIST_KEY_UIApplicationSupportsIndirectInputEvents = YES;
				INFOPLIST_KEY_UILaunchScreen_Generation = YES;
				INFOPLIST_KEY_UISupportedInterfaceOrientations_iPad = "UIInterfaceOrientationPortrait UIInterfaceOrientationPortraitUpsideDown UIInterfaceOrientationLandscapeLeft UIInterfaceOrientationLandscapeRight";
				INFOPLIST_KEY_UISupportedInterfaceOrientations_iPhone = "UIInterfaceOrientationPortrait UIInterfaceOrientationLandscapeLeft UIInterfaceOrientationLandscapeRight";
				LD_RUNPATH_SEARCH_PATHS = (
					"$(inherited)",
					"@executable_path/Frameworks",
				);
				MARKETING_VERSION = 1.0;
				PRODUCT_BUNDLE_IDENTIFIER = Gonzalo.ReMind;
				PRODUCT_NAME = "$(TARGET_NAME)";
				SWIFT_EMIT_LOC_STRINGS = YES;
				SWIFT_VERSION = 5.0;
				TARGETED_DEVICE_FAMILY = "1,2";
			};
			name = Debug;
		};
		8FEAA43E2CE8C01F00D6F7EA /* Release */ = {
			isa = XCBuildConfiguration;
			buildSettings = {
				ASSETCATALOG_COMPILER_APPICON_NAME = AppIcon;
				ASSETCATALOG_COMPILER_GLOBAL_ACCENT_COLOR_NAME = AccentColor;
				CODE_SIGN_STYLE = Automatic;
				CURRENT_PROJECT_VERSION = 1;
				DEVELOPMENT_ASSET_PATHS = "\"ReMind/Preview Content\"";
				ENABLE_PREVIEWS = YES;
				GENERATE_INFOPLIST_FILE = YES;
				INFOPLIST_KEY_UIApplicationSceneManifest_Generation = YES;
				INFOPLIST_KEY_UIApplicationSupportsIndirectInputEvents = YES;
				INFOPLIST_KEY_UILaunchScreen_Generation = YES;
				INFOPLIST_KEY_UISupportedInterfaceOrientations_iPad = "UIInterfaceOrientationPortrait UIInterfaceOrientationPortraitUpsideDown UIInterfaceOrientationLandscapeLeft UIInterfaceOrientationLandscapeRight";
				INFOPLIST_KEY_UISupportedInterfaceOrientations_iPhone = "UIInterfaceOrientationPortrait UIInterfaceOrientationLandscapeLeft UIInterfaceOrientationLandscapeRight";
				LD_RUNPATH_SEARCH_PATHS = (
					"$(inherited)",
					"@executable_path/Frameworks",
				);
				MARKETING_VERSION = 1.0;
				PRODUCT_BUNDLE_IDENTIFIER = Gonzalo.ReMind;
				PRODUCT_NAME = "$(TARGET_NAME)";
				SWIFT_EMIT_LOC_STRINGS = YES;
				SWIFT_VERSION = 5.0;
				TARGETED_DEVICE_FAMILY = "1,2";
			};
			name = Release;
		};
		8FEAA4402CE8C01F00D6F7EA /* Debug */ = {
			isa = XCBuildConfiguration;
			buildSettings = {
				BUNDLE_LOADER = "$(TEST_HOST)";
				CODE_SIGN_STYLE = Automatic;
				CURRENT_PROJECT_VERSION = 1;
				GENERATE_INFOPLIST_FILE = YES;
				IPHONEOS_DEPLOYMENT_TARGET = 18.1;
				MARKETING_VERSION = 1.0;
				PRODUCT_BUNDLE_IDENTIFIER = Gonzalo.ReMindTests;
				PRODUCT_NAME = "$(TARGET_NAME)";
				SWIFT_EMIT_LOC_STRINGS = NO;
				SWIFT_VERSION = 5.0;
				TARGETED_DEVICE_FAMILY = "1,2";
				TEST_HOST = "$(BUILT_PRODUCTS_DIR)/ReMind.app/$(BUNDLE_EXECUTABLE_FOLDER_PATH)/ReMind";
			};
			name = Debug;
		};
		8FEAA4412CE8C01F00D6F7EA /* Release */ = {
			isa = XCBuildConfiguration;
			buildSettings = {
				BUNDLE_LOADER = "$(TEST_HOST)";
				CODE_SIGN_STYLE = Automatic;
				CURRENT_PROJECT_VERSION = 1;
				GENERATE_INFOPLIST_FILE = YES;
				IPHONEOS_DEPLOYMENT_TARGET = 18.1;
				MARKETING_VERSION = 1.0;
				PRODUCT_BUNDLE_IDENTIFIER = Gonzalo.ReMindTests;
				PRODUCT_NAME = "$(TARGET_NAME)";
				SWIFT_EMIT_LOC_STRINGS = NO;
				SWIFT_VERSION = 5.0;
				TARGETED_DEVICE_FAMILY = "1,2";
				TEST_HOST = "$(BUILT_PRODUCTS_DIR)/ReMind.app/$(BUNDLE_EXECUTABLE_FOLDER_PATH)/ReMind";
			};
			name = Release;
		};
		8FEAA4432CE8C01F00D6F7EA /* Debug */ = {
			isa = XCBuildConfiguration;
			buildSettings = {
				CODE_SIGN_STYLE = Automatic;
				CURRENT_PROJECT_VERSION = 1;
				GENERATE_INFOPLIST_FILE = YES;
				MARKETING_VERSION = 1.0;
				PRODUCT_BUNDLE_IDENTIFIER = Gonzalo.ReMindUITests;
				PRODUCT_NAME = "$(TARGET_NAME)";
				SWIFT_EMIT_LOC_STRINGS = NO;
				SWIFT_VERSION = 5.0;
				TARGETED_DEVICE_FAMILY = "1,2";
				TEST_TARGET_NAME = ReMind;
			};
			name = Debug;
		};
		8FEAA4442CE8C01F00D6F7EA /* Release */ = {
			isa = XCBuildConfiguration;
			buildSettings = {
				CODE_SIGN_STYLE = Automatic;
				CURRENT_PROJECT_VERSION = 1;
				GENERATE_INFOPLIST_FILE = YES;
				MARKETING_VERSION = 1.0;
				PRODUCT_BUNDLE_IDENTIFIER = Gonzalo.ReMindUITests;
				PRODUCT_NAME = "$(TARGET_NAME)";
				SWIFT_EMIT_LOC_STRINGS = NO;
				SWIFT_VERSION = 5.0;
				TARGETED_DEVICE_FAMILY = "1,2";
				TEST_TARGET_NAME = ReMind;
			};
			name = Release;
		};
/* End XCBuildConfiguration section */

/* Begin XCConfigurationList section */
		8FEAA4112CE8C01D00D6F7EA /* Build configuration list for PBXProject "ReMind" */ = {
			isa = XCConfigurationList;
			buildConfigurations = (
				8FEAA43A2CE8C01F00D6F7EA /* Debug */,
				8FEAA43B2CE8C01F00D6F7EA /* Release */,
			);
			defaultConfigurationIsVisible = 0;
			defaultConfigurationName = Release;
		};
		8FEAA43C2CE8C01F00D6F7EA /* Build configuration list for PBXNativeTarget "ReMind" */ = {
			isa = XCConfigurationList;
			buildConfigurations = (
				8FEAA43D2CE8C01F00D6F7EA /* Debug */,
				8FEAA43E2CE8C01F00D6F7EA /* Release */,
			);
			defaultConfigurationIsVisible = 0;
			defaultConfigurationName = Release;
		};
		8FEAA43F2CE8C01F00D6F7EA /* Build configuration list for PBXNativeTarget "ReMindTests" */ = {
			isa = XCConfigurationList;
			buildConfigurations = (
				8FEAA4402CE8C01F00D6F7EA /* Debug */,
				8FEAA4412CE8C01F00D6F7EA /* Release */,
			);
			defaultConfigurationIsVisible = 0;
			defaultConfigurationName = Release;
		};
		8FEAA4422CE8C01F00D6F7EA /* Build configuration list for PBXNativeTarget "ReMindUITests" */ = {
			isa = XCConfigurationList;
			buildConfigurations = (
				8FEAA4432CE8C01F00D6F7EA /* Debug */,
				8FEAA4442CE8C01F00D6F7EA /* Release */,
			);
			defaultConfigurationIsVisible = 0;
			defaultConfigurationName = Release;
		};
/* End XCConfigurationList section */
	};
	rootObject = 8FEAA40E2CE8C01D00D6F7EA /* Project object */;
}
